{
  "object": {
    "pins": [
      {
        "package": "Segment",
        "repositoryURL": "https://github.com/segmentio/analytics-swift",
        "state": {
          "branch": null,
          "revision": "efc111b5fccaebd1063ef0db6d206c252da387ec",
          "version": "1.4.8"
        }
      },
      {
        "package": "ProgressWebViewController",
        "repositoryURL": "https://github.com/bsneed/ProgressWebViewController.git",
        "state": {
          "branch": "master",
          "revision": "83b377efe429e702c6adab3b86b0c2e6a6871e1d",
          "version": null
        }
      },
      {
        "package": "Sovran",
        "repositoryURL": "https://github.com/segmentio/Sovran-Swift.git",
        "state": {
          "branch": null,
          "revision": "64f3b5150c282a34af4578188dce2fd597e600e3",
          "version": "1.1.0"
        }
      }
    ]
  },
  "version": 1
}
